
Microsoft Visual Studio Solution File, Format Version 12.00
# Visual Studio Version 17
VisualStudioVersion = 17.11.35327.3
MinimumVisualStudioVersion = 10.0.40219.1
Project("{9A19103F-16F7-4668-BE54-9A1E7A4F7556}") = "SampleApp", "SampleApp.csproj", "{C94A72D4-C985-4F07-9AE3-73A81649BF34}"
EndProject
Global
	GlobalSection(SolutionConfigurationPlatforms) = preSolution
		Debug|Any CPU = Debug|Any CPU
		Release|Any CPU = Release|Any CPU
	EndGlobalSection
	GlobalSection(ProjectConfigurationPlatforms) = postSolution
		{C94A72D4-C985-4F07-9AE3-73A81649BF34}.Debug|Any CPU.ActiveCfg = Debug|Any CPU
		{C94A72D4-C985-4F07-9AE3-73A81649BF34}.Debug|Any CPU.Build.0 = Debug|Any CPU
		{C94A72D4-C985-4F07-9AE3-73A81649BF34}.Release|Any CPU.ActiveCfg = Release|Any CPU
		{C94A72D4-C985-4F07-9AE3-73A81649BF34}.Release|Any CPU.Build.0 = Release|Any CPU
	EndGlobalSection
	GlobalSection(SolutionProperties) = preSolution
		HideSolutionNode = FALSE
	EndGlobalSection
	GlobalSection(ExtensibilityGlobals) = postSolution
		SolutionGuid = {DF4ABC08-9745-45A3-A9AB-2AAB451E8BDF}
	EndGlobalSection
EndGlobal
